
Microsoft Visual Studio Solution File, Format Version 12.00
# Visual Studio Version 16
VisualStudioVersion = 16.0.31729.503
MinimumVisualStudioVersion = 10.0.40219.1
Project("{FAE04EC0-301F-11D3-BF4B-00C04F79EFBC}") = "ClassLibrary", "ClassLibrary\ClassLibrary.csproj", "{8329BA1B-95EA-4933-A7B2-B7CF9BE76B58}"
EndProject
Project("{FAE04EC0-301F-11D3-BF4B-00C04F79EFBC}") = "ReunitePetsWebAPI", "ReunitePetsWebAPI\ReunitePetsWebAPI.csproj", "{83A0F2C2-E55E-4695-879E-0CCD10F90FB7}"
EndProject
Global
	GlobalSection(SolutionConfigurationPlatforms) = preSolution
		Debug|Any CPU = Debug|Any CPU
		Release|Any CPU = Release|Any CPU
	EndGlobalSection
	GlobalSection(ProjectConfigurationPlatforms) = postSolution
		{8329BA1B-95EA-4933-A7B2-B7CF9BE76B58}.Debug|Any CPU.ActiveCfg = Debug|Any CPU
		{8329BA1B-95EA-4933-A7B2-B7CF9BE76B58}.Debug|Any CPU.Build.0 = Debug|Any CPU
		{8329BA1B-95EA-4933-A7B2-B7CF9BE76B58}.Release|Any CPU.ActiveCfg = Release|Any CPU
		{8329BA1B-95EA-4933-A7B2-B7CF9BE76B58}.Release|Any CPU.Build.0 = Release|Any CPU
		{83A0F2C2-E55E-4695-879E-0CCD10F90FB7}.Debug|Any CPU.ActiveCfg = Debug|Any CPU
		{83A0F2C2-E55E-4695-879E-0CCD10F90FB7}.Debug|Any CPU.Build.0 = Debug|Any CPU
		{83A0F2C2-E55E-4695-879E-0CCD10F90FB7}.Release|Any CPU.ActiveCfg = Release|Any CPU
		{83A0F2C2-E55E-4695-879E-0CCD10F90FB7}.Release|Any CPU.Build.0 = Release|Any CPU
	EndGlobalSection
	GlobalSection(SolutionProperties) = preSolution
		HideSolutionNode = FALSE
	EndGlobalSection
	GlobalSection(ExtensibilityGlobals) = postSolution
		SolutionGuid = {7F2B0AEA-DF49-4908-A142-5C56F00519DD}
	EndGlobalSection
EndGlobal
