
Microsoft Visual Studio Solution File, Format Version 12.00
# Visual Studio Version 16
VisualStudioVersion = 16.0.31729.503
MinimumVisualStudioVersion = 10.0.40219.1
Project("{FAE04EC0-301F-11D3-BF4B-00C04F79EFBC}") = "ClassLibrary", "ClassLibrary\ClassLibrary.csproj", "{76E783A4-5CD0-44B1-9DBF-A1B6C4F0526D}"
EndProject
Global
	GlobalSection(SolutionConfigurationPlatforms) = preSolution
		Debug|Any CPU = Debug|Any CPU
		Release|Any CPU = Release|Any CPU
	EndGlobalSection
	GlobalSection(ProjectConfigurationPlatforms) = postSolution
		{76E783A4-5CD0-44B1-9DBF-A1B6C4F0526D}.Debug|Any CPU.ActiveCfg = Debug|Any CPU
		{76E783A4-5CD0-44B1-9DBF-A1B6C4F0526D}.Debug|Any CPU.Build.0 = Debug|Any CPU
		{76E783A4-5CD0-44B1-9DBF-A1B6C4F0526D}.Release|Any CPU.ActiveCfg = Release|Any CPU
		{76E783A4-5CD0-44B1-9DBF-A1B6C4F0526D}.Release|Any CPU.Build.0 = Release|Any CPU
	EndGlobalSection
	GlobalSection(SolutionProperties) = preSolution
		HideSolutionNode = FALSE
	EndGlobalSection
	GlobalSection(ExtensibilityGlobals) = postSolution
		SolutionGuid = {7F2B0AEA-DF49-4908-A142-5C56F00519DD}
	EndGlobalSection
EndGlobal
